
Microsoft Visual Studio Solution File, Format Version 12.00
# Visual Studio Version 17
VisualStudioVersion = 17.11.35219.272
MinimumVisualStudioVersion = 10.0.40219.1
Project("{FAE04EC0-301F-11D3-BF4B-00C04F79EFBC}") = "MasterFloorApp", "MasterFloorApp\MasterFloorApp.csproj", "{67B31673-A8C1-40A1-959D-9086FA4D30A4}"
EndProject
Global
	GlobalSection(SolutionConfigurationPlatforms) = preSolution
		Debug|Any CPU = Debug|Any CPU
		Release|Any CPU = Release|Any CPU
	EndGlobalSection
	GlobalSection(ProjectConfigurationPlatforms) = postSolution
		{67B31673-A8C1-40A1-959D-9086FA4D30A4}.Debug|Any CPU.ActiveCfg = Debug|Any CPU
		{67B31673-A8C1-40A1-959D-9086FA4D30A4}.Debug|Any CPU.Build.0 = Debug|Any CPU
		{67B31673-A8C1-40A1-959D-9086FA4D30A4}.Release|Any CPU.ActiveCfg = Release|Any CPU
		{67B31673-A8C1-40A1-959D-9086FA4D30A4}.Release|Any CPU.Build.0 = Release|Any CPU
	EndGlobalSection
	GlobalSection(SolutionProperties) = preSolution
		HideSolutionNode = FALSE
	EndGlobalSection
	GlobalSection(ExtensibilityGlobals) = postSolution
		SolutionGuid = {1E0055AA-6BC1-4AE8-8A6C-4DED21B1B611}
	EndGlobalSection
EndGlobal
